
Microsoft Visual Studio Solution File, Format Version 12.00
# Visual Studio Version 16
VisualStudioVersion = 16.0.30011.22
MinimumVisualStudioVersion = 10.0.40219.1
Project("{FAE04EC0-301F-11D3-BF4B-00C04F79EFBC}") = "FamilyTreeWeb", "FamilyTreeWeb\FamilyTreeWeb.csproj", "{C1BE279E-8200-4FD6-AD85-584C94A15656}"
EndProject
Global
	GlobalSection(SolutionConfigurationPlatforms) = preSolution
		Debug|Any CPU = Debug|Any CPU
		Release|Any CPU = Release|Any CPU
	EndGlobalSection
	GlobalSection(ProjectConfigurationPlatforms) = postSolution
		{C1BE279E-8200-4FD6-AD85-584C94A15656}.Debug|Any CPU.ActiveCfg = Debug|Any CPU
		{C1BE279E-8200-4FD6-AD85-584C94A15656}.Debug|Any CPU.Build.0 = Debug|Any CPU
		{C1BE279E-8200-4FD6-AD85-584C94A15656}.Release|Any CPU.ActiveCfg = Release|Any CPU
		{C1BE279E-8200-4FD6-AD85-584C94A15656}.Release|Any CPU.Build.0 = Release|Any CPU
	EndGlobalSection
	GlobalSection(SolutionProperties) = preSolution
		HideSolutionNode = FALSE
	EndGlobalSection
	GlobalSection(ExtensibilityGlobals) = postSolution
		SolutionGuid = {0A15FCF0-CCAF-43A0-8CBF-28318AE56682}
	EndGlobalSection
EndGlobal
